
Microsoft Visual Studio Solution File, Format Version 12.00
# Visual Studio Version 17
VisualStudioVersion = 17.4.33110.190
MinimumVisualStudioVersion = 10.0.40219.1
Project("{9A19103F-16F7-4668-BE54-9A1E7A4F7556}") = "Craps.Core", "Craps.Core\Craps.Core.csproj", "{569C0A87-642E-4953-A02C-0EF6DEBC2A86}"
EndProject
Project("{FAE04EC0-301F-11D3-BF4B-00C04F79EFBC}") = "Craps.Core.Tests", "Craps.Core.Tests\Craps.Core.Tests.csproj", "{F0611E33-9FC9-447A-B225-2F80421F6441}"
EndProject
Global
	GlobalSection(SolutionConfigurationPlatforms) = preSolution
		Debug|Any CPU = Debug|Any CPU
		Release|Any CPU = Release|Any CPU
	EndGlobalSection
	GlobalSection(ProjectConfigurationPlatforms) = postSolution
		{569C0A87-642E-4953-A02C-0EF6DEBC2A86}.Debug|Any CPU.ActiveCfg = Debug|Any CPU
		{569C0A87-642E-4953-A02C-0EF6DEBC2A86}.Debug|Any CPU.Build.0 = Debug|Any CPU
		{569C0A87-642E-4953-A02C-0EF6DEBC2A86}.Release|Any CPU.ActiveCfg = Release|Any CPU
		{569C0A87-642E-4953-A02C-0EF6DEBC2A86}.Release|Any CPU.Build.0 = Release|Any CPU
		{F0611E33-9FC9-447A-B225-2F80421F6441}.Debug|Any CPU.ActiveCfg = Debug|Any CPU
		{F0611E33-9FC9-447A-B225-2F80421F6441}.Debug|Any CPU.Build.0 = Debug|Any CPU
		{F0611E33-9FC9-447A-B225-2F80421F6441}.Release|Any CPU.ActiveCfg = Release|Any CPU
		{F0611E33-9FC9-447A-B225-2F80421F6441}.Release|Any CPU.Build.0 = Release|Any CPU
	EndGlobalSection
	GlobalSection(SolutionProperties) = preSolution
		HideSolutionNode = FALSE
	EndGlobalSection
	GlobalSection(ExtensibilityGlobals) = postSolution
		SolutionGuid = {3D175AD6-961B-4BFE-A7C3-F2E2470BB111}
	EndGlobalSection
EndGlobal
